
Microsoft Visual Studio Solution File, Format Version 12.00
# Visual Studio Version 16
VisualStudioVersion = 16.0.30523.141
MinimumVisualStudioVersion = 10.0.40219.1
Project("{FAE04EC0-301F-11D3-BF4B-00C04F79EFBC}") = "Excercises_81-2018", "Excercises_81-2018\Excercises_81-2018.csproj", "{45AA28C1-7478-4C94-A2E6-BE26317BFA12}"
EndProject
Global
	GlobalSection(SolutionConfigurationPlatforms) = preSolution
		Debug|Any CPU = Debug|Any CPU
		Release|Any CPU = Release|Any CPU
	EndGlobalSection
	GlobalSection(ProjectConfigurationPlatforms) = postSolution
		{45AA28C1-7478-4C94-A2E6-BE26317BFA12}.Debug|Any CPU.ActiveCfg = Debug|Any CPU
		{45AA28C1-7478-4C94-A2E6-BE26317BFA12}.Debug|Any CPU.Build.0 = Debug|Any CPU
		{45AA28C1-7478-4C94-A2E6-BE26317BFA12}.Release|Any CPU.ActiveCfg = Release|Any CPU
		{45AA28C1-7478-4C94-A2E6-BE26317BFA12}.Release|Any CPU.Build.0 = Release|Any CPU
	EndGlobalSection
	GlobalSection(SolutionProperties) = preSolution
		HideSolutionNode = FALSE
	EndGlobalSection
	GlobalSection(ExtensibilityGlobals) = postSolution
		SolutionGuid = {A3C712B1-15D7-4CED-A1E4-E20F4845FD4F}
	EndGlobalSection
EndGlobal
